
Microsoft Visual Studio Solution File, Format Version 12.00
Project("{FAE04EC0-301F-11D3-BF4B-00C04F79EFBC}") = "TFLDataProvider", "TFLDataProvider\TFLDataProvider.csproj", "{9D26E9F2-FA99-40CE-8241-4070F56F37D4}"
EndProject
Project("{FAE04EC0-301F-11D3-BF4B-00C04F79EFBC}") = "StationOrchestrator", "StationOrchestrator\StationOrchestrator.csproj", "{CEBE17F3-5113-4F9C-8299-964EAFF81E1A}"
EndProject
Project("{FAE04EC0-301F-11D3-BF4B-00C04F79EFBC}") = "StationState", "StationState\StationState.csproj", "{6082F6E5-A7CA-46F1-8D15-A4954FA135B5}"
EndProject
Project("{FAE04EC0-301F-11D3-BF4B-00C04F79EFBC}") = "AnnouncementsManager", "AnnouncementsManager\AnnouncementsManager.csproj", "{6DE51190-E704-4DEA-BCC0-1BC98697A523}"
EndProject
Project("{FAE04EC0-301F-11D3-BF4B-00C04F79EFBC}") = "StationBoard", "StationBoard\StationBoard.csproj", "{7E67EAAA-DABB-4B5B-95BC-FDDFF3FCA1F7}"
EndProject
Project("{FAE04EC0-301F-11D3-BF4B-00C04F79EFBC}") = "ConsoleTestApp", "ConsoleTestApp\ConsoleTestApp.csproj", "{46D206CD-D98E-4A63-8003-A49BE493364D}"
EndProject
Project("{FAE04EC0-301F-11D3-BF4B-00C04F79EFBC}") = "StationState.Tests", "StationState.Tests\StationState.Tests.csproj", "{C6EECC25-3C5A-48FD-A3D6-941A5E6EB861}"
EndProject
Project("{FAE04EC0-301F-11D3-BF4B-00C04F79EFBC}") = "AnnouncementsManager.Tests", "AnnouncementsManager.Tests\AnnouncementsManager.Tests.csproj", "{D6CF6CD4-FFFB-4CE0-A7A4-A25C15BFB26B}"
EndProject
Global
	GlobalSection(SolutionConfigurationPlatforms) = preSolution
		Debug|Any CPU = Debug|Any CPU
		Release|Any CPU = Release|Any CPU
	EndGlobalSection
	GlobalSection(ProjectConfigurationPlatforms) = postSolution
		{9D26E9F2-FA99-40CE-8241-4070F56F37D4}.Debug|Any CPU.ActiveCfg = Debug|Any CPU
		{9D26E9F2-FA99-40CE-8241-4070F56F37D4}.Debug|Any CPU.Build.0 = Debug|Any CPU
		{9D26E9F2-FA99-40CE-8241-4070F56F37D4}.Release|Any CPU.ActiveCfg = Release|Any CPU
		{9D26E9F2-FA99-40CE-8241-4070F56F37D4}.Release|Any CPU.Build.0 = Release|Any CPU
		{CEBE17F3-5113-4F9C-8299-964EAFF81E1A}.Debug|Any CPU.ActiveCfg = Debug|Any CPU
		{CEBE17F3-5113-4F9C-8299-964EAFF81E1A}.Debug|Any CPU.Build.0 = Debug|Any CPU
		{CEBE17F3-5113-4F9C-8299-964EAFF81E1A}.Release|Any CPU.ActiveCfg = Release|Any CPU
		{CEBE17F3-5113-4F9C-8299-964EAFF81E1A}.Release|Any CPU.Build.0 = Release|Any CPU
		{6082F6E5-A7CA-46F1-8D15-A4954FA135B5}.Debug|Any CPU.ActiveCfg = Debug|Any CPU
		{6082F6E5-A7CA-46F1-8D15-A4954FA135B5}.Debug|Any CPU.Build.0 = Debug|Any CPU
		{6082F6E5-A7CA-46F1-8D15-A4954FA135B5}.Release|Any CPU.ActiveCfg = Release|Any CPU
		{6082F6E5-A7CA-46F1-8D15-A4954FA135B5}.Release|Any CPU.Build.0 = Release|Any CPU
		{6DE51190-E704-4DEA-BCC0-1BC98697A523}.Debug|Any CPU.ActiveCfg = Debug|Any CPU
		{6DE51190-E704-4DEA-BCC0-1BC98697A523}.Debug|Any CPU.Build.0 = Debug|Any CPU
		{6DE51190-E704-4DEA-BCC0-1BC98697A523}.Release|Any CPU.ActiveCfg = Release|Any CPU
		{6DE51190-E704-4DEA-BCC0-1BC98697A523}.Release|Any CPU.Build.0 = Release|Any CPU
		{7E67EAAA-DABB-4B5B-95BC-FDDFF3FCA1F7}.Debug|Any CPU.ActiveCfg = Debug|Any CPU
		{7E67EAAA-DABB-4B5B-95BC-FDDFF3FCA1F7}.Debug|Any CPU.Build.0 = Debug|Any CPU
		{7E67EAAA-DABB-4B5B-95BC-FDDFF3FCA1F7}.Release|Any CPU.ActiveCfg = Release|Any CPU
		{7E67EAAA-DABB-4B5B-95BC-FDDFF3FCA1F7}.Release|Any CPU.Build.0 = Release|Any CPU
		{46D206CD-D98E-4A63-8003-A49BE493364D}.Debug|Any CPU.ActiveCfg = Debug|Any CPU
		{46D206CD-D98E-4A63-8003-A49BE493364D}.Debug|Any CPU.Build.0 = Debug|Any CPU
		{46D206CD-D98E-4A63-8003-A49BE493364D}.Release|Any CPU.ActiveCfg = Release|Any CPU
		{46D206CD-D98E-4A63-8003-A49BE493364D}.Release|Any CPU.Build.0 = Release|Any CPU
		{C6EECC25-3C5A-48FD-A3D6-941A5E6EB861}.Debug|Any CPU.ActiveCfg = Debug|Any CPU
		{C6EECC25-3C5A-48FD-A3D6-941A5E6EB861}.Debug|Any CPU.Build.0 = Debug|Any CPU
		{C6EECC25-3C5A-48FD-A3D6-941A5E6EB861}.Release|Any CPU.ActiveCfg = Release|Any CPU
		{C6EECC25-3C5A-48FD-A3D6-941A5E6EB861}.Release|Any CPU.Build.0 = Release|Any CPU
		{D6CF6CD4-FFFB-4CE0-A7A4-A25C15BFB26B}.Debug|Any CPU.ActiveCfg = Debug|Any CPU
		{D6CF6CD4-FFFB-4CE0-A7A4-A25C15BFB26B}.Debug|Any CPU.Build.0 = Debug|Any CPU
		{D6CF6CD4-FFFB-4CE0-A7A4-A25C15BFB26B}.Release|Any CPU.ActiveCfg = Release|Any CPU
		{D6CF6CD4-FFFB-4CE0-A7A4-A25C15BFB26B}.Release|Any CPU.Build.0 = Release|Any CPU
	EndGlobalSection
EndGlobal
